PODS:
  - FLAnimatedImage (1.0.8)
  - Nimble (2.0.0-rc.3)
  - Quick (0.6.0)
  - TwitterGifComposer (0.1.1)

DEPENDENCIES:
  - FLAnimatedImage (~> 1.0)
  - Nimble (= 2.0.0-rc.3)
  - Quick (~> 0.6.0)
  - TwitterGifComposer (from `../`)

EXTERNAL SOURCES:
  TwitterGifComposer:
    :path: "../"

SPEC CHECKSUMS:
  FLAnimatedImage: f9422f796135aff80d8c00b2afc48015bb746e24
  Nimble: 9dff98ee195ffe7351d3b2fb01d3a1420fd97948
  Quick: 563686dbcf0ae0f9f7401ac9cd2d786ee1b7f3d7
  TwitterGifComposer: cd0d1259fd25239402807b021c89faf29796dbd1

COCOAPODS: 0.37.2
